
Microsoft Visual Studio Solution File, Format Version 12.00
# Visual Studio Version 17
VisualStudioVersion = 17.1.32421.90
MinimumVisualStudioVersion = 10.0.40219.1
Project("{9A19103F-16F7-4668-BE54-9A1E7A4F7556}") = "WorldProcessor.Core", "WorldIterator.Core\WorldProcessor.Core.csproj", "{9E147C96-7879-4DB7-81B2-3FE223F77303}"
EndProject
Project("{9A19103F-16F7-4668-BE54-9A1E7A4F7556}") = "WorldProcessor.WebApi", "WorldIterator.WebApi\WorldProcessor.WebApi.csproj", "{85758835-7758-4274-8DAD-1A12FAC08C97}"
EndProject
Project("{9A19103F-16F7-4668-BE54-9A1E7A4F7556}") = "WorldProcessor.Application", "WorldIterator.Application\WorldProcessor.Application.csproj", "{6516649D-3ED4-4F84-A1C0-85456D9A9E6F}"
EndProject
Project("{2150E333-8FDC-42A3-9474-1A3956D46DE8}") = "Solution Items", "Solution Items", "{E93CB3FE-0122-4E5D-BFC9-2D641BF57DC1}"
EndProject
Global
	GlobalSection(SolutionConfigurationPlatforms) = preSolution
		Debug|Any CPU = Debug|Any CPU
		Release|Any CPU = Release|Any CPU
	EndGlobalSection
	GlobalSection(ProjectConfigurationPlatforms) = postSolution
		{9E147C96-7879-4DB7-81B2-3FE223F77303}.Debug|Any CPU.ActiveCfg = Debug|Any CPU
		{9E147C96-7879-4DB7-81B2-3FE223F77303}.Debug|Any CPU.Build.0 = Debug|Any CPU
		{9E147C96-7879-4DB7-81B2-3FE223F77303}.Release|Any CPU.ActiveCfg = Release|Any CPU
		{9E147C96-7879-4DB7-81B2-3FE223F77303}.Release|Any CPU.Build.0 = Release|Any CPU
		{85758835-7758-4274-8DAD-1A12FAC08C97}.Debug|Any CPU.ActiveCfg = Debug|Any CPU
		{85758835-7758-4274-8DAD-1A12FAC08C97}.Debug|Any CPU.Build.0 = Debug|Any CPU
		{85758835-7758-4274-8DAD-1A12FAC08C97}.Release|Any CPU.ActiveCfg = Release|Any CPU
		{85758835-7758-4274-8DAD-1A12FAC08C97}.Release|Any CPU.Build.0 = Release|Any CPU
		{6516649D-3ED4-4F84-A1C0-85456D9A9E6F}.Debug|Any CPU.ActiveCfg = Debug|Any CPU
		{6516649D-3ED4-4F84-A1C0-85456D9A9E6F}.Debug|Any CPU.Build.0 = Debug|Any CPU
		{6516649D-3ED4-4F84-A1C0-85456D9A9E6F}.Release|Any CPU.ActiveCfg = Release|Any CPU
		{6516649D-3ED4-4F84-A1C0-85456D9A9E6F}.Release|Any CPU.Build.0 = Release|Any CPU
	EndGlobalSection
	GlobalSection(SolutionProperties) = preSolution
		HideSolutionNode = FALSE
	EndGlobalSection
	GlobalSection(ExtensibilityGlobals) = postSolution
		SolutionGuid = {F63ED2D2-60DD-4550-AEF7-C4F84DE4F7FD}
	EndGlobalSection
EndGlobal
